
Microsoft Visual Studio Solution File, Format Version 12.00
# Visual Studio Version 17
VisualStudioVersion = 17.14.36212.18 d17.14
MinimumVisualStudioVersion = 10.0.40219.1
Project("{FAE04EC0-301F-11D3-BF4B-00C04F79EFBC}") = "DesktopStacksService", "DesktopStacksService\DesktopStacksService.csproj", "{D9F6938A-0BC2-4A33-B98A-E9C29CC19231}"
EndProject
Global
	GlobalSection(SolutionConfigurationPlatforms) = preSolution
		Debug|Any CPU = Debug|Any CPU
		Release|Any CPU = Release|Any CPU
	EndGlobalSection
	GlobalSection(ProjectConfigurationPlatforms) = postSolution
		{D9F6938A-0BC2-4A33-B98A-E9C29CC19231}.Debug|Any CPU.ActiveCfg = Debug|Any CPU
		{D9F6938A-0BC2-4A33-B98A-E9C29CC19231}.Debug|Any CPU.Build.0 = Debug|Any CPU
		{D9F6938A-0BC2-4A33-B98A-E9C29CC19231}.Release|Any CPU.ActiveCfg = Release|Any CPU
		{D9F6938A-0BC2-4A33-B98A-E9C29CC19231}.Release|Any CPU.Build.0 = Release|Any CPU
	EndGlobalSection
	GlobalSection(SolutionProperties) = preSolution
		HideSolutionNode = FALSE
	EndGlobalSection
	GlobalSection(ExtensibilityGlobals) = postSolution
		SolutionGuid = {046E5E44-EF16-4845-9EE2-900D1C3CB111}
	EndGlobalSection
EndGlobal
